
Microsoft Visual Studio Solution File, Format Version 12.00
# Visual Studio Version 16
VisualStudioVersion = 16.0.29709.97
MinimumVisualStudioVersion = 10.0.40219.1
Project("{FAE04EC0-301F-11D3-BF4B-00C04F79EFBC}") = "jsonCSharp", "jsonCSharp\jsonCSharp.csproj", "{A51F99DE-3327-42B2-8F9A-71CC692AA7A0}"
EndProject
Global
	GlobalSection(SolutionConfigurationPlatforms) = preSolution
		Debug|Any CPU = Debug|Any CPU
		Release|Any CPU = Release|Any CPU
	EndGlobalSection
	GlobalSection(ProjectConfigurationPlatforms) = postSolution
		{A51F99DE-3327-42B2-8F9A-71CC692AA7A0}.Debug|Any CPU.ActiveCfg = Debug|Any CPU
		{A51F99DE-3327-42B2-8F9A-71CC692AA7A0}.Debug|Any CPU.Build.0 = Debug|Any CPU
		{A51F99DE-3327-42B2-8F9A-71CC692AA7A0}.Release|Any CPU.ActiveCfg = Release|Any CPU
		{A51F99DE-3327-42B2-8F9A-71CC692AA7A0}.Release|Any CPU.Build.0 = Release|Any CPU
	EndGlobalSection
	GlobalSection(SolutionProperties) = preSolution
		HideSolutionNode = FALSE
	EndGlobalSection
	GlobalSection(ExtensibilityGlobals) = postSolution
		SolutionGuid = {F9EFA993-20B1-452D-8A3A-7BFC0880A5EE}
	EndGlobalSection
EndGlobal
